
Microsoft Visual Studio Solution File, Format Version 12.00
# Visual Studio Version 16
VisualStudioVersion = 16.0.29215.179
MinimumVisualStudioVersion = 10.0.40219.1
Project("{FAE04EC0-301F-11D3-BF4B-00C04F79EFBC}") = "Sum Seconds", "Sum Seconds\Sum Seconds.csproj", "{C2B635B8-A77C-4216-B47C-B292A81DDD9D}"
EndProject
Project("{FAE04EC0-301F-11D3-BF4B-00C04F79EFBC}") = "Bonus", "Bonus\Bonus.csproj", "{5D10F6D5-12A3-4A3C-9AF2-C89F48CE8295}"
EndProject
Project("{FAE04EC0-301F-11D3-BF4B-00C04F79EFBC}") = "Speed", "Speed\Speed.csproj", "{992B1B4D-54AC-460C-97F4-28BE30A4513F}"
EndProject
Global
	GlobalSection(SolutionConfigurationPlatforms) = preSolution
		Debug|Any CPU = Debug|Any CPU
		Release|Any CPU = Release|Any CPU
	EndGlobalSection
	GlobalSection(ProjectConfigurationPlatforms) = postSolution
		{C2B635B8-A77C-4216-B47C-B292A81DDD9D}.Debug|Any CPU.ActiveCfg = Debug|Any CPU
		{C2B635B8-A77C-4216-B47C-B292A81DDD9D}.Debug|Any CPU.Build.0 = Debug|Any CPU
		{C2B635B8-A77C-4216-B47C-B292A81DDD9D}.Release|Any CPU.ActiveCfg = Release|Any CPU
		{C2B635B8-A77C-4216-B47C-B292A81DDD9D}.Release|Any CPU.Build.0 = Release|Any CPU
		{5D10F6D5-12A3-4A3C-9AF2-C89F48CE8295}.Debug|Any CPU.ActiveCfg = Debug|Any CPU
		{5D10F6D5-12A3-4A3C-9AF2-C89F48CE8295}.Debug|Any CPU.Build.0 = Debug|Any CPU
		{5D10F6D5-12A3-4A3C-9AF2-C89F48CE8295}.Release|Any CPU.ActiveCfg = Release|Any CPU
		{5D10F6D5-12A3-4A3C-9AF2-C89F48CE8295}.Release|Any CPU.Build.0 = Release|Any CPU
		{992B1B4D-54AC-460C-97F4-28BE30A4513F}.Debug|Any CPU.ActiveCfg = Debug|Any CPU
		{992B1B4D-54AC-460C-97F4-28BE30A4513F}.Debug|Any CPU.Build.0 = Debug|Any CPU
		{992B1B4D-54AC-460C-97F4-28BE30A4513F}.Release|Any CPU.ActiveCfg = Release|Any CPU
		{992B1B4D-54AC-460C-97F4-28BE30A4513F}.Release|Any CPU.Build.0 = Release|Any CPU
	EndGlobalSection
	GlobalSection(SolutionProperties) = preSolution
		HideSolutionNode = FALSE
	EndGlobalSection
	GlobalSection(ExtensibilityGlobals) = postSolution
		SolutionGuid = {038EEC3F-9071-4802-90CA-A83E4E5CD607}
	EndGlobalSection
EndGlobal
