
Microsoft Visual Studio Solution File, Format Version 12.00
# Visual Studio Version 16
VisualStudioVersion = 16.0.29215.179
MinimumVisualStudioVersion = 10.0.40219.1
Project("{FAE04EC0-301F-11D3-BF4B-00C04F79EFBC}") = "Password", "Password.csproj", "{46782CF3-E047-46C1-8A24-BFE8B82C994D}"
EndProject
Project("{FAE04EC0-301F-11D3-BF4B-00C04F79EFBC}") = "Areas", "..\Areas\Areas.csproj", "{D4C572D1-AB8D-4020-86DB-F4B702F07FCB}"
EndProject
Project("{FAE04EC0-301F-11D3-BF4B-00C04F79EFBC}") = "Days in a Week", "..\Days in a Week\Days in a Week.csproj", "{9A099068-8560-46FD-BD3F-9A1FD6F10E6C}"
EndProject
Project("{FAE04EC0-301F-11D3-BF4B-00C04F79EFBC}") = "Animal Type", "..\Animal Type\Animal Type.csproj", "{C9868F8D-C62B-49F1-B46E-343D25C31D6B}"
EndProject
Global
	GlobalSection(SolutionConfigurationPlatforms) = preSolution
		Debug|Any CPU = Debug|Any CPU
		Release|Any CPU = Release|Any CPU
	EndGlobalSection
	GlobalSection(ProjectConfigurationPlatforms) = postSolution
		{46782CF3-E047-46C1-8A24-BFE8B82C994D}.Debug|Any CPU.ActiveCfg = Debug|Any CPU
		{46782CF3-E047-46C1-8A24-BFE8B82C994D}.Debug|Any CPU.Build.0 = Debug|Any CPU
		{46782CF3-E047-46C1-8A24-BFE8B82C994D}.Release|Any CPU.ActiveCfg = Release|Any CPU
		{46782CF3-E047-46C1-8A24-BFE8B82C994D}.Release|Any CPU.Build.0 = Release|Any CPU
		{D4C572D1-AB8D-4020-86DB-F4B702F07FCB}.Debug|Any CPU.ActiveCfg = Debug|Any CPU
		{D4C572D1-AB8D-4020-86DB-F4B702F07FCB}.Debug|Any CPU.Build.0 = Debug|Any CPU
		{D4C572D1-AB8D-4020-86DB-F4B702F07FCB}.Release|Any CPU.ActiveCfg = Release|Any CPU
		{D4C572D1-AB8D-4020-86DB-F4B702F07FCB}.Release|Any CPU.Build.0 = Release|Any CPU
		{9A099068-8560-46FD-BD3F-9A1FD6F10E6C}.Debug|Any CPU.ActiveCfg = Debug|Any CPU
		{9A099068-8560-46FD-BD3F-9A1FD6F10E6C}.Debug|Any CPU.Build.0 = Debug|Any CPU
		{9A099068-8560-46FD-BD3F-9A1FD6F10E6C}.Release|Any CPU.ActiveCfg = Release|Any CPU
		{9A099068-8560-46FD-BD3F-9A1FD6F10E6C}.Release|Any CPU.Build.0 = Release|Any CPU
		{C9868F8D-C62B-49F1-B46E-343D25C31D6B}.Debug|Any CPU.ActiveCfg = Debug|Any CPU
		{C9868F8D-C62B-49F1-B46E-343D25C31D6B}.Debug|Any CPU.Build.0 = Debug|Any CPU
		{C9868F8D-C62B-49F1-B46E-343D25C31D6B}.Release|Any CPU.ActiveCfg = Release|Any CPU
		{C9868F8D-C62B-49F1-B46E-343D25C31D6B}.Release|Any CPU.Build.0 = Release|Any CPU
	EndGlobalSection
	GlobalSection(SolutionProperties) = preSolution
		HideSolutionNode = FALSE
	EndGlobalSection
	GlobalSection(ExtensibilityGlobals) = postSolution
		SolutionGuid = {7EDE241E-72C1-4903-86CB-C2481B35A6D4}
	EndGlobalSection
EndGlobal
